dependencies:
- name: gluon
  repository: oci://registry1.dso.mil/bigbang
  version: 0.9.7
- name: gatekeeper
  repository: https://open-policy-agent.github.io/gatekeeper/charts
  version: 3.21.0
digest: sha256:d8179f0336d073f580c1b9de96aa4a60e231dac6e64ed4a38b8abe90d53ca6f0
generated: "2025-12-11T17:25:46.893746-07:00"
