dependencies:
- name: gluon
  repository: oci://registry1.dso.mil/bigbang
  version: 0.9.8
- name: bb-common
  repository: oci://registry1.dso.mil/bigbang
  version: 0.14.1
- name: gatekeeper
  repository: https://open-policy-agent.github.io/gatekeeper/charts
  version: 3.22.0
digest: sha256:39c25855e4189ce3cf17a01678ff5d368af564b73b06cdcd5eab48aa0e66a6e3
generated: "2026-03-11T14:47:17.99372318Z"
